
Microsoft Visual Studio Solution File, Format Version 12.00
# Visual Studio Version 16
VisualStudioVersion = 16.0.31025.194
MinimumVisualStudioVersion = 10.0.40219.1
Project("{9A19103F-16F7-4668-BE54-9A1E7A4F7556}") = "Rent", "Rent\Rent.csproj", "{5034BD09-1846-48A4-B09C-926D56932813}"
EndProject
Project("{9A19103F-16F7-4668-BE54-9A1E7A4F7556}") = "DAL", "DAL\DAL.csproj", "{8E241801-11D7-407A-9C3A-22E5E23EBFD0}"
EndProject
Project("{9A19103F-16F7-4668-BE54-9A1E7A4F7556}") = "BLL", "BLL\BLL.csproj", "{FCA6D542-8836-4EFE-8224-BFAA373BC68D}"
EndProject
Project("{FAE04EC0-301F-11D3-BF4B-00C04F79EFBC}") = "WebApp", "WebApp\WebApp.csproj", "{DCDD9C71-C36A-42A2-9A20-12E0884FDF91}"
EndProject
Global
	GlobalSection(SolutionConfigurationPlatforms) = preSolution
		Debug|Any CPU = Debug|Any CPU
		Release|Any CPU = Release|Any CPU
	EndGlobalSection
	GlobalSection(ProjectConfigurationPlatforms) = postSolution
		{5034BD09-1846-48A4-B09C-926D56932813}.Debug|Any CPU.ActiveCfg = Debug|Any CPU
		{5034BD09-1846-48A4-B09C-926D56932813}.Debug|Any CPU.Build.0 = Debug|Any CPU
		{5034BD09-1846-48A4-B09C-926D56932813}.Release|Any CPU.ActiveCfg = Release|Any CPU
		{5034BD09-1846-48A4-B09C-926D56932813}.Release|Any CPU.Build.0 = Release|Any CPU
		{8E241801-11D7-407A-9C3A-22E5E23EBFD0}.Debug|Any CPU.ActiveCfg = Debug|Any CPU
		{8E241801-11D7-407A-9C3A-22E5E23EBFD0}.Debug|Any CPU.Build.0 = Debug|Any CPU
		{8E241801-11D7-407A-9C3A-22E5E23EBFD0}.Release|Any CPU.ActiveCfg = Release|Any CPU
		{8E241801-11D7-407A-9C3A-22E5E23EBFD0}.Release|Any CPU.Build.0 = Release|Any CPU
		{FCA6D542-8836-4EFE-8224-BFAA373BC68D}.Debug|Any CPU.ActiveCfg = Debug|Any CPU
		{FCA6D542-8836-4EFE-8224-BFAA373BC68D}.Debug|Any CPU.Build.0 = Debug|Any CPU
		{FCA6D542-8836-4EFE-8224-BFAA373BC68D}.Release|Any CPU.ActiveCfg = Release|Any CPU
		{FCA6D542-8836-4EFE-8224-BFAA373BC68D}.Release|Any CPU.Build.0 = Release|Any CPU
		{DCDD9C71-C36A-42A2-9A20-12E0884FDF91}.Debug|Any CPU.ActiveCfg = Debug|Any CPU
		{DCDD9C71-C36A-42A2-9A20-12E0884FDF91}.Debug|Any CPU.Build.0 = Debug|Any CPU
		{DCDD9C71-C36A-42A2-9A20-12E0884FDF91}.Release|Any CPU.ActiveCfg = Release|Any CPU
		{DCDD9C71-C36A-42A2-9A20-12E0884FDF91}.Release|Any CPU.Build.0 = Release|Any CPU
	EndGlobalSection
	GlobalSection(SolutionProperties) = preSolution
		HideSolutionNode = FALSE
	EndGlobalSection
	GlobalSection(ExtensibilityGlobals) = postSolution
		SolutionGuid = {FAFE6EBC-2F17-438E-9161-2DCD5656C5E9}
	EndGlobalSection
EndGlobal
